
Microsoft Visual Studio Solution File, Format Version 12.00
Project("{FAE04EC0-301F-11D3-BF4B-00C04F79EFBC}") = "ApiIntegration", "ApiIntegration\ApiIntegration.csproj", "{0A0B4049-F940-4BE7-B1C5-05D43C2922CD}"
EndProject
Global
	GlobalSection(SolutionConfigurationPlatforms) = preSolution
		Debug|Any CPU = Debug|Any CPU
		Release|Any CPU = Release|Any CPU
	EndGlobalSection
	GlobalSection(ProjectConfigurationPlatforms) = postSolution
		{0A0B4049-F940-4BE7-B1C5-05D43C2922CD}.Debug|Any CPU.ActiveCfg = Debug|Any CPU
		{0A0B4049-F940-4BE7-B1C5-05D43C2922CD}.Debug|Any CPU.Build.0 = Debug|Any CPU
		{0A0B4049-F940-4BE7-B1C5-05D43C2922CD}.Release|Any CPU.ActiveCfg = Release|Any CPU
		{0A0B4049-F940-4BE7-B1C5-05D43C2922CD}.Release|Any CPU.Build.0 = Release|Any CPU
	EndGlobalSection
EndGlobal
